
Microsoft Visual Studio Solution File, Format Version 12.00
# Visual Studio Version 17
VisualStudioVersion = 17.8.34408.163
MinimumVisualStudioVersion = 10.0.40219.1
Project("{FAE04EC0-301F-11D3-BF4B-00C04F79EFBC}") = "YTMDesktopPlugin", "YTMDesktopPlugin\YTMDesktopPlugin.csproj", "{794BBAC8-AC59-47A7-9470-F0AC66C57C4B}"
EndProject
Global
	GlobalSection(SolutionConfigurationPlatforms) = preSolution
		Debug|Any CPU = Debug|Any CPU
		Release|Any CPU = Release|Any CPU
	EndGlobalSection
	GlobalSection(ProjectConfigurationPlatforms) = postSolution
		{794BBAC8-AC59-47A7-9470-F0AC66C57C4B}.Debug|Any CPU.ActiveCfg = Debug|Any CPU
		{794BBAC8-AC59-47A7-9470-F0AC66C57C4B}.Debug|Any CPU.Build.0 = Debug|Any CPU
		{794BBAC8-AC59-47A7-9470-F0AC66C57C4B}.Release|Any CPU.ActiveCfg = Release|Any CPU
		{794BBAC8-AC59-47A7-9470-F0AC66C57C4B}.Release|Any CPU.Build.0 = Release|Any CPU
	EndGlobalSection
	GlobalSection(SolutionProperties) = preSolution
		HideSolutionNode = FALSE
	EndGlobalSection
	GlobalSection(ExtensibilityGlobals) = postSolution
		SolutionGuid = {0D3D279B-558D-4DC2-BAAE-C6CB7C2C45F6}
	EndGlobalSection
EndGlobal
